{
  "version": 4,
  "terraform_version": "1.5.5",
  "serial": 1,
  "lineage": "3bdfabd9-69d7-d7d7-b25e-ddbe8401e9fd",
  "outputs": {},
  "resources": [
    {
      "mode": "managed",
      "type": "github_repository",
      "name": "clinvar-data-jsonl",
      "provider": "provider[\"registry.terraform.io/hashicorp/github\"]",
      "instances": [
        {
          "schema_version": 1,
          "attributes": {
            "allow_auto_merge": false,
            "allow_merge_commit": true,
            "allow_rebase_merge": true,
            "allow_squash_merge": true,
            "allow_update_branch": false,
            "archive_on_destroy": null,
            "archived": false,
            "auto_init": false,
            "default_branch": "main",
            "delete_branch_on_merge": false,
            "description": "Weekly ClinVar releases as JSONL with additonal useful files",
            "etag": "W/\"95bf63ffb624eaa261c0ed92a8980c1d68744031be90147ddf721e62ff7fe0ce\"",
            "full_name": "bihealth/clinvar-data-jsonl",
            "git_clone_url": "git://github.com/bihealth/clinvar-data-jsonl.git",
            "gitignore_template": null,
            "has_discussions": false,
            "has_downloads": true,
            "has_issues": true,
            "has_projects": true,
            "has_wiki": true,
            "homepage_url": "",
            "html_url": "https://github.com/bihealth/clinvar-data-jsonl",
            "http_clone_url": "https://github.com/bihealth/clinvar-data-jsonl.git",
            "id": "clinvar-data-jsonl",
            "ignore_vulnerability_alerts_during_read": null,
            "is_template": false,
            "license_template": null,
            "merge_commit_message": "PR_TITLE",
            "merge_commit_title": "MERGE_MESSAGE",
            "name": "clinvar-data-jsonl",
            "node_id": "R_kgDOKQL_Eg",
            "pages": [],
            "primary_language": "HCL",
            "private": false,
            "repo_id": 688062226,
            "security_and_analysis": [
              {
                "advanced_security": [],
                "secret_scanning": [
                  {
                    "status": "disabled"
                  }
                ],
                "secret_scanning_push_protection": [
                  {
                    "status": "disabled"
                  }
                ]
              }
            ],
            "squash_merge_commit_message": "COMMIT_MESSAGES",
            "squash_merge_commit_title": "COMMIT_OR_PR_TITLE",
            "ssh_clone_url": "git@github.com:bihealth/clinvar-data-jsonl.git",
            "svn_url": "https://github.com/bihealth/clinvar-data-jsonl",
            "template": [],
            "topics": [],
            "visibility": "public",
            "vulnerability_alerts": false
          },
          "sensitive_attributes": [],
          "private": "eyJzY2hlbWFfdmVyc2lvbiI6IjEifQ=="
        }
      ]
    }
  ],
  "check_results": null
}
